
Microsoft Visual Studio Solution File, Format Version 12.00
# Visual Studio Version 17
VisualStudioVersion = 17.9.34701.34
MinimumVisualStudioVersion = 10.0.40219.1
Project("{FAE04EC0-301F-11D3-BF4B-00C04F79EFBC}") = "BarberiAppPersona", "BarberiAppPersona\BarberiAppPersona.csproj", "{B3081DC3-80CB-4566-855B-889CA8F83383}"
EndProject
Global
	GlobalSection(SolutionConfigurationPlatforms) = preSolution
		Debug|Any CPU = Debug|Any CPU
		Release|Any CPU = Release|Any CPU
	EndGlobalSection
	GlobalSection(ProjectConfigurationPlatforms) = postSolution
		{B3081DC3-80CB-4566-855B-889CA8F83383}.Debug|Any CPU.ActiveCfg = Debug|Any CPU
		{B3081DC3-80CB-4566-855B-889CA8F83383}.Debug|Any CPU.Build.0 = Debug|Any CPU
		{B3081DC3-80CB-4566-855B-889CA8F83383}.Release|Any CPU.ActiveCfg = Release|Any CPU
		{B3081DC3-80CB-4566-855B-889CA8F83383}.Release|Any CPU.Build.0 = Release|Any CPU
	EndGlobalSection
	GlobalSection(SolutionProperties) = preSolution
		HideSolutionNode = FALSE
	EndGlobalSection
	GlobalSection(ExtensibilityGlobals) = postSolution
		SolutionGuid = {20C3FA4A-1C37-443F-A7B5-EEFBE534E20A}
	EndGlobalSection
EndGlobal
